# generated by rye
# use `rye lock` or `rye sync` to update this lockfile
#
# last locked with the following flags:
#   pre: false
#   features: []
#   all-features: false
#   with-sources: false

-e file:.
aiohttp==3.9.4
    # via instructor
    # via langchain
    # via langchain-community
aiosignal==1.3.1
    # via aiohttp
alembic==1.13.1
    # via embedchain
annotated-types==0.6.0
    # via pydantic
anyio==4.3.0
    # via httpx
    # via openai
    # via starlette
    # via watchfiles
appdirs==1.4.4
    # via crewai
asgiref==3.8.1
    # via opentelemetry-instrumentation-asgi
attrs==23.2.0
    # via aiohttp
    # via lancedb
    # via outcome
    # via trio
backoff==2.2.1
    # via posthog
bcrypt==4.1.2
    # via chromadb
beautifulsoup4==4.12.3
    # via crewai-tools
    # via embedchain
brotli==1.1.0
    # via yt-dlp
build==1.2.1
    # via chromadb
cachetools==5.3.3
    # via google-auth
    # via gptcache
    # via lancedb
certifi==2024.2.2
    # via httpcore
    # via httpx
    # via kubernetes
    # via pulsar-client
    # via requests
    # via selenium
    # via yt-dlp
cffi==1.16.0
    # via cryptography
    # via pynacl
charset-normalizer==3.3.2
    # via requests
chroma-hnswlib==0.7.3
    # via chromadb
chromadb==0.4.24
    # via crewai-tools
    # via embedchain
click==8.1.7
    # via crewai
    # via lancedb
    # via typer
    # via uvicorn
coloredlogs==15.0.1
    # via onnxruntime
contextlib2==21.6.0
    # via schema
crewai==0.28.8
    # via crew
crewai-tools==0.1.7
    # via crew
cryptography==42.0.5
    # via pyjwt
dataclasses-json==0.6.4
    # via langchain
    # via langchain-community
decorator==5.1.1
    # via retry
deprecated==1.2.14
    # via opentelemetry-api
    # via opentelemetry-exporter-otlp-proto-grpc
    # via opentelemetry-exporter-otlp-proto-http
    # via pygithub
deprecation==2.1.0
    # via lancedb
distro==1.9.0
    # via openai
docstring-parser==0.15
    # via google-cloud-aiplatform
    # via instructor
embedchain==0.1.100
    # via crewai
    # via crewai-tools
fastapi==0.110.1
    # via chromadb
filelock==3.13.4
    # via huggingface-hub
flatbuffers==24.3.25
    # via onnxruntime
frozenlist==1.4.1
    # via aiohttp
    # via aiosignal
fsspec==2024.3.1
    # via huggingface-hub
gitdb==4.0.11
    # via gitpython
gitpython==3.1.43
    # via embedchain
google-api-core==2.18.0
    # via google-cloud-aiplatform
    # via google-cloud-bigquery
    # via google-cloud-core
    # via google-cloud-resource-manager
    # via google-cloud-storage
google-auth==2.29.0
    # via google-api-core
    # via google-cloud-aiplatform
    # via google-cloud-bigquery
    # via google-cloud-core
    # via google-cloud-resource-manager
    # via google-cloud-storage
    # via kubernetes
google-cloud-aiplatform==1.47.0
    # via embedchain
google-cloud-bigquery==3.20.1
    # via google-cloud-aiplatform
google-cloud-core==2.4.1
    # via google-cloud-bigquery
    # via google-cloud-storage
google-cloud-resource-manager==1.12.3
    # via google-cloud-aiplatform
google-cloud-storage==2.16.0
    # via google-cloud-aiplatform
google-crc32c==1.5.0
    # via google-cloud-storage
    # via google-resumable-media
google-resumable-media==2.7.0
    # via google-cloud-bigquery
    # via google-cloud-storage
googleapis-common-protos==1.63.0
    # via google-api-core
    # via grpc-google-iam-v1
    # via grpcio-status
    # via opentelemetry-exporter-otlp-proto-grpc
    # via opentelemetry-exporter-otlp-proto-http
gptcache==0.1.43
    # via embedchain
grpc-google-iam-v1==0.13.0
    # via google-cloud-resource-manager
grpcio==1.62.1
    # via chromadb
    # via google-api-core
    # via googleapis-common-protos
    # via grpc-google-iam-v1
    # via grpcio-status
    # via opentelemetry-exporter-otlp-proto-grpc
grpcio-status==1.62.1
    # via google-api-core
h11==0.14.0
    # via httpcore
    # via uvicorn
    # via wsproto
httpcore==1.0.5
    # via httpx
httptools==0.6.1
    # via uvicorn
httpx==0.27.0
    # via openai
huggingface-hub==0.22.2
    # via tokenizers
humanfriendly==10.0
    # via coloredlogs
idna==3.7
    # via anyio
    # via httpx
    # via requests
    # via trio
    # via yarl
importlib-metadata==7.0.0
    # via opentelemetry-api
importlib-resources==6.4.0
    # via chromadb
iniconfig==2.0.0
    # via pytest
instructor==0.5.2
    # via crewai
jsonpatch==1.33
    # via langchain
    # via langchain-core
jsonpointer==2.4
    # via jsonpatch
kubernetes==29.0.0
    # via chromadb
lancedb==0.5.7
    # via crewai-tools
langchain==0.1.16
    # via crewai
    # via crewai-tools
    # via embedchain
langchain-community==0.0.32
    # via langchain
langchain-core==0.1.42
    # via langchain
    # via langchain-community
    # via langchain-openai
    # via langchain-text-splitters
langchain-openai==0.0.5
    # via embedchain
langchain-text-splitters==0.0.1
    # via langchain
langsmith==0.1.47
    # via langchain
    # via langchain-community
    # via langchain-core
mako==1.3.3
    # via alembic
markdown-it-py==3.0.0
    # via rich
markupsafe==2.1.5
    # via mako
marshmallow==3.21.1
    # via dataclasses-json
mdurl==0.1.2
    # via markdown-it-py
mmh3==4.1.0
    # via chromadb
monotonic==1.6
    # via posthog
mpmath==1.3.0
    # via sympy
multidict==6.0.5
    # via aiohttp
    # via yarl
mutagen==1.47.0
    # via yt-dlp
mypy-extensions==1.0.0
    # via typing-inspect
nodeenv==1.8.0
    # via pyright
numpy==1.26.4
    # via chroma-hnswlib
    # via chromadb
    # via gptcache
    # via langchain
    # via langchain-community
    # via langchain-openai
    # via onnxruntime
    # via pyarrow
    # via pylance
    # via shapely
oauthlib==3.2.2
    # via kubernetes
    # via requests-oauthlib
onnxruntime==1.17.3
    # via chromadb
openai==1.17.1
    # via crewai
    # via crewai-tools
    # via embedchain
    # via instructor
    # via langchain-openai
opentelemetry-api==1.24.0
    # via chromadb
    # via crewai
    # via opentelemetry-exporter-otlp-proto-grpc
    # via opentelemetry-exporter-otlp-proto-http
    # via opentelemetry-instrumentation
    # via opentelemetry-instrumentation-asgi
    # via opentelemetry-instrumentation-fastapi
    # via opentelemetry-sdk
opentelemetry-exporter-otlp-proto-common==1.24.0
    # via opentelemetry-exporter-otlp-proto-grpc
    # via opentelemetry-exporter-otlp-proto-http
opentelemetry-exporter-otlp-proto-grpc==1.24.0
    # via chromadb
opentelemetry-exporter-otlp-proto-http==1.24.0
    # via crewai
opentelemetry-instrumentation==0.45b0
    # via opentelemetry-instrumentation-asgi
    # via opentelemetry-instrumentation-fastapi
opentelemetry-instrumentation-asgi==0.45b0
    # via opentelemetry-instrumentation-fastapi
opentelemetry-instrumentation-fastapi==0.45b0
    # via chromadb
opentelemetry-proto==1.24.0
    # via opentelemetry-exporter-otlp-proto-common
    # via opentelemetry-exporter-otlp-proto-grpc
    # via opentelemetry-exporter-otlp-proto-http
opentelemetry-sdk==1.24.0
    # via chromadb
    # via crewai
    # via opentelemetry-exporter-otlp-proto-grpc
    # via opentelemetry-exporter-otlp-proto-http
opentelemetry-semantic-conventions==0.45b0
    # via opentelemetry-instrumentation-asgi
    # via opentelemetry-instrumentation-fastapi
    # via opentelemetry-sdk
opentelemetry-util-http==0.45b0
    # via opentelemetry-instrumentation-asgi
    # via opentelemetry-instrumentation-fastapi
orjson==3.10.0
    # via chromadb
    # via langsmith
outcome==1.3.0.post0
    # via trio
overrides==7.7.0
    # via chromadb
    # via lancedb
packaging==23.2
    # via build
    # via deprecation
    # via google-cloud-aiplatform
    # via google-cloud-bigquery
    # via huggingface-hub
    # via langchain-core
    # via marshmallow
    # via onnxruntime
    # via pytest
pluggy==1.4.0
    # via pytest
posthog==3.5.0
    # via chromadb
    # via embedchain
proto-plus==1.23.0
    # via google-api-core
    # via google-cloud-aiplatform
    # via google-cloud-resource-manager
protobuf==4.25.3
    # via google-api-core
    # via google-cloud-aiplatform
    # via google-cloud-resource-manager
    # via googleapis-common-protos
    # via grpc-google-iam-v1
    # via grpcio-status
    # via onnxruntime
    # via opentelemetry-proto
    # via proto-plus
pulsar-client==3.5.0
    # via chromadb
py==1.11.0
    # via retry
pyarrow==15.0.2
    # via pylance
pyasn1==0.6.0
    # via pyasn1-modules
    # via rsa
pyasn1-modules==0.4.0
    # via google-auth
pycparser==2.22
    # via cffi
pycryptodomex==3.20.0
    # via yt-dlp
pydantic==2.7.0
    # via chromadb
    # via crewai
    # via crewai-tools
    # via fastapi
    # via google-cloud-aiplatform
    # via instructor
    # via lancedb
    # via langchain
    # via langchain-core
    # via langsmith
    # via openai
pydantic-core==2.18.1
    # via pydantic
pygithub==1.59.1
    # via embedchain
pygments==2.17.2
    # via rich
pyjwt==2.8.0
    # via pygithub
pylance==0.9.18
    # via lancedb
pynacl==1.5.0
    # via pygithub
pypdf==3.17.4
    # via embedchain
pypika==0.48.9
    # via chromadb
pyproject-hooks==1.0.0
    # via build
pyright==1.1.358
    # via crewai-tools
pysbd==0.3.4
    # via embedchain
pysocks==1.7.1
    # via urllib3
pytest==8.1.1
    # via crewai-tools
python-dateutil==2.9.0.post0
    # via google-cloud-bigquery
    # via kubernetes
    # via posthog
python-dotenv==1.0.0
    # via crewai
    # via embedchain
    # via uvicorn
pytube==15.0.0
    # via crewai-tools
pyyaml==6.0.1
    # via chromadb
    # via huggingface-hub
    # via kubernetes
    # via lancedb
    # via langchain
    # via langchain-community
    # via langchain-core
    # via uvicorn
ratelimiter==1.2.0.post0
    # via lancedb
regex==2023.12.25
    # via crewai
    # via tiktoken
requests==2.31.0
    # via chromadb
    # via crewai-tools
    # via google-api-core
    # via google-cloud-bigquery
    # via google-cloud-storage
    # via gptcache
    # via huggingface-hub
    # via kubernetes
    # via lancedb
    # via langchain
    # via langchain-community
    # via langsmith
    # via opentelemetry-exporter-otlp-proto-http
    # via posthog
    # via pygithub
    # via requests-oauthlib
    # via tiktoken
    # via youtube-transcript-api
    # via yt-dlp
requests-oauthlib==2.0.0
    # via kubernetes
retry==0.9.2
    # via lancedb
rich==13.7.1
    # via embedchain
    # via instructor
rsa==4.9
    # via google-auth
schema==0.7.5
    # via embedchain
selenium==4.19.0
    # via crewai-tools
semver==3.0.2
    # via lancedb
setuptools==69.5.0
    # via nodeenv
    # via opentelemetry-instrumentation
shapely==2.0.3
    # via google-cloud-aiplatform
six==1.16.0
    # via kubernetes
    # via posthog
    # via python-dateutil
smmap==5.0.1
    # via gitdb
sniffio==1.3.1
    # via anyio
    # via httpx
    # via openai
    # via trio
sortedcontainers==2.4.0
    # via trio
soupsieve==2.5
    # via beautifulsoup4
sqlalchemy==2.0.29
    # via alembic
    # via embedchain
    # via langchain
    # via langchain-community
starlette==0.37.2
    # via fastapi
sympy==1.12
    # via onnxruntime
tenacity==8.2.3
    # via chromadb
    # via instructor
    # via langchain
    # via langchain-community
    # via langchain-core
tiktoken==0.5.2
    # via embedchain
    # via langchain-openai
tokenizers==0.15.2
    # via chromadb
tqdm==4.66.2
    # via chromadb
    # via huggingface-hub
    # via lancedb
    # via openai
trio==0.25.0
    # via selenium
    # via trio-websocket
trio-websocket==0.11.1
    # via selenium
typer==0.9.4
    # via chromadb
    # via instructor
typing-extensions==4.11.0
    # via alembic
    # via chromadb
    # via fastapi
    # via huggingface-hub
    # via openai
    # via opentelemetry-sdk
    # via pydantic
    # via pydantic-core
    # via selenium
    # via sqlalchemy
    # via typer
    # via typing-inspect
typing-inspect==0.9.0
    # via dataclasses-json
urllib3==2.2.1
    # via kubernetes
    # via requests
    # via selenium
    # via yt-dlp
uvicorn==0.29.0
    # via chromadb
uvloop==0.19.0
    # via uvicorn
watchfiles==0.21.0
    # via uvicorn
websocket-client==1.7.0
    # via kubernetes
websockets==12.0
    # via uvicorn
    # via yt-dlp
wrapt==1.16.0
    # via deprecated
    # via opentelemetry-instrumentation
wsproto==1.2.0
    # via trio-websocket
yarl==1.9.4
    # via aiohttp
youtube-transcript-api==0.6.2
    # via embedchain
yt-dlp==2023.12.30
    # via embedchain
zipp==3.18.1
    # via importlib-metadata
